// !$*UTF8*$!
{
	archiveVersion = 1;
	classes = {
	};
	objectVersion = 56;
	objects = {

/* Begin PBXBuildFile section */
		BD8390DD29D20E5000D11DBF /* TheWeatherApp.swift in Sources */ = {isa = PBXBuildFile; fileRef = BD8390DC29D20E5000D11DBF /* TheWeatherApp.swift */; };
		BD8390DF29D20E5000D11DBF /* MainView.swift in Sources */ = {isa = PBXBuildFile; fileRef = BD8390DE29D20E5000D11DBF /* MainView.swift */; };
		BD8390E129D20E5300D11DBF /* Assets.xcassets in Resources */ = {isa = PBXBuildFile; fileRef = BD8390E029D20E5300D11DBF /* Assets.xcassets */; };
		BD8390E429D20E5300D11DBF /* Preview Assets.xcassets in Resources */ = {isa = PBXBuildFile; fileRef = BD8390E329D20E5300D11DBF /* Preview Assets.xcassets */; };
		BD8390EE29D22EC200D11DBF /* WeatherResponse.swift in Sources */ = {isa = PBXBuildFile; fileRef = BD8390ED29D22EC200D11DBF /* WeatherResponse.swift */; };
		BD8390F029D2319800D11DBF /* WeatherViewModel.swift in Sources */ = {isa = PBXBuildFile; fileRef = BD8390EF29D2319800D11DBF /* WeatherViewModel.swift */; };
		BD8390F529D2415600D11DBF /* WeatherModel.swift in Sources */ = {isa = PBXBuildFile; fileRef = BD8390F429D2415600D11DBF /* WeatherModel.swift */; };
		BD8390F729D2569700D11DBF /* WeatherModelMapper.swift in Sources */ = {isa = PBXBuildFile; fileRef = BD8390F629D2569700D11DBF /* WeatherModelMapper.swift */; };
		BD8390F929D2872A00D11DBF /* CityWeatherDetails.swift in Sources */ = {isa = PBXBuildFile; fileRef = BD8390F829D2872A00D11DBF /* CityWeatherDetails.swift */; };
		BD8390FB29D32E7300D11DBF /* CoordinatesWeatherDetails.swift in Sources */ = {isa = PBXBuildFile; fileRef = BD8390FA29D32E7300D11DBF /* CoordinatesWeatherDetails.swift */; };
/* End PBXBuildFile section */

/* Begin PBXFileReference section */
		BD8390D929D20E5000D11DBF /* TheWeather.app */ = {isa = PBXFileReference; explicitFileType = wrapper.application; includeInIndex = 0; path = TheWeather.app; sourceTree = BUILT_PRODUCTS_DIR; };
		BD8390DC29D20E5000D11DBF /* TheWeatherApp.swift */ = {isa = PBXFileReference; lastKnownFileType = sourcecode.swift; path = TheWeatherApp.swift; sourceTree = "<group>"; };
		BD8390DE29D20E5000D11DBF /* MainView.swift */ = {isa = PBXFileReference; lastKnownFileType = sourcecode.swift; path = MainView.swift; sourceTree = "<group>"; };
		BD8390E029D20E5300D11DBF /* Assets.xcassets */ = {isa = PBXFileReference; lastKnownFileType = folder.assetcatalog; path = Assets.xcassets; sourceTree = "<group>"; };
		BD8390E329D20E5300D11DBF /* Preview Assets.xcassets */ = {isa = PBXFileReference; lastKnownFileType = folder.assetcatalog; path = "Preview Assets.xcassets"; sourceTree = "<group>"; };
		BD8390ED29D22EC200D11DBF /* WeatherResponse.swift */ = {isa = PBXFileReference; lastKnownFileType = sourcecode.swift; path = WeatherResponse.swift; sourceTree = "<group>"; };
		BD8390EF29D2319800D11DBF /* WeatherViewModel.swift */ = {isa = PBXFileReference; lastKnownFileType = sourcecode.swift; path = WeatherViewModel.swift; sourceTree = "<group>"; };
		BD8390F129D2346C00D11DBF /* Info.plist */ = {isa = PBXFileReference; lastKnownFileType = text.plist; path = Info.plist; sourceTree = "<group>"; };
		BD8390F429D2415600D11DBF /* WeatherModel.swift */ = {isa = PBXFileReference; lastKnownFileType = sourcecode.swift; path = WeatherModel.swift; sourceTree = "<group>"; };
		BD8390F629D2569700D11DBF /* WeatherModelMapper.swift */ = {isa = PBXFileReference; lastKnownFileType = sourcecode.swift; path = WeatherModelMapper.swift; sourceTree = "<group>"; };
		BD8390F829D2872A00D11DBF /* CityWeatherDetails.swift */ = {isa = PBXFileReference; lastKnownFileType = sourcecode.swift; path = CityWeatherDetails.swift; sourceTree = "<group>"; };
		BD8390FA29D32E7300D11DBF /* CoordinatesWeatherDetails.swift */ = {isa = PBXFileReference; lastKnownFileType = sourcecode.swift; path = CoordinatesWeatherDetails.swift; sourceTree = "<group>"; };
/* End PBXFileReference section */

/* Begin PBXFrameworksBuildPhase section */
		BD8390D629D20E5000D11DBF /* Frameworks */ = {
			isa = PBXFrameworksBuildPhase;
			buildActionMask = 2147483647;
			files = (
			);
			runOnlyForDeploymentPostprocessing = 0;
		};
/* End PBXFrameworksBuildPhase section */

/* Begin PBXGroup section */
		BD8390D029D20E5000D11DBF = {
			isa = PBXGroup;
			children = (
				BD8390DB29D20E5000D11DBF /* TheWeather */,
				BD8390DA29D20E5000D11DBF /* Products */,
			);
			sourceTree = "<group>";
		};
		BD8390DA29D20E5000D11DBF /* Products */ = {
			isa = PBXGroup;
			children = (
				BD8390D929D20E5000D11DBF /* TheWeather.app */,
			);
			name = Products;
			sourceTree = "<group>";
		};
		BD8390DB29D20E5000D11DBF /* TheWeather */ = {
			isa = PBXGroup;
			children = (
				BD8390F129D2346C00D11DBF /* Info.plist */,
				BD8390EB29D2206500D11DBF /* ViewModels */,
				BD8390EA29D2206000D11DBF /* Models */,
				BD8390DC29D20E5000D11DBF /* TheWeatherApp.swift */,
				BD8390EC29D2207100D11DBF /* Views */,
				BD8390E029D20E5300D11DBF /* Assets.xcassets */,
				BD8390E229D20E5300D11DBF /* Preview Content */,
			);
			path = TheWeather;
			sourceTree = "<group>";
		};
		BD8390E229D20E5300D11DBF /* Preview Content */ = {
			isa = PBXGroup;
			children = (
				BD8390E329D20E5300D11DBF /* Preview Assets.xcassets */,
			);
			path = "Preview Content";
			sourceTree = "<group>";
		};
		BD8390EA29D2206000D11DBF /* Models */ = {
			isa = PBXGroup;
			children = (
				BD8390ED29D22EC200D11DBF /* WeatherResponse.swift */,
				BD8390F429D2415600D11DBF /* WeatherModel.swift */,
				BD8390F629D2569700D11DBF /* WeatherModelMapper.swift */,
			);
			path = Models;
			sourceTree = "<group>";
		};
		BD8390EB29D2206500D11DBF /* ViewModels */ = {
			isa = PBXGroup;
			children = (
				BD8390EF29D2319800D11DBF /* WeatherViewModel.swift */,
			);
			path = ViewModels;
			sourceTree = "<group>";
		};
		BD8390EC29D2207100D11DBF /* Views */ = {
			isa = PBXGroup;
			children = (
				BD8390DE29D20E5000D11DBF /* MainView.swift */,
				BD8390F829D2872A00D11DBF /* CityWeatherDetails.swift */,
				BD8390FA29D32E7300D11DBF /* CoordinatesWeatherDetails.swift */,
			);
			path = Views;
			sourceTree = "<group>";
		};
/* End PBXGroup section */

/* Begin PBXNativeTarget section */
		BD8390D829D20E5000D11DBF /* TheWeather */ = {
			isa = PBXNativeTarget;
			buildConfigurationList = BD8390E729D20E5300D11DBF /* Build configuration list for PBXNativeTarget "TheWeather" */;
			buildPhases = (
				BD8390D529D20E5000D11DBF /* Sources */,
				BD8390D629D20E5000D11DBF /* Frameworks */,
				BD8390D729D20E5000D11DBF /* Resources */,
			);
			buildRules = (
			);
			dependencies = (
			);
			name = TheWeather;
			productName = TheWeather;
			productReference = BD8390D929D20E5000D11DBF /* TheWeather.app */;
			productType = "com.apple.product-type.application";
		};
/* End PBXNativeTarget section */

/* Begin PBXProject section */
		BD8390D129D20E5000D11DBF /* Project object */ = {
			isa = PBXProject;
			attributes = {
				BuildIndependentTargetsInParallel = 1;
				LastSwiftUpdateCheck = 1420;
				LastUpgradeCheck = 1420;
				TargetAttributes = {
					BD8390D829D20E5000D11DBF = {
						CreatedOnToolsVersion = 14.2;
					};
				};
			};
			buildConfigurationList = BD8390D429D20E5000D11DBF /* Build configuration list for PBXProject "TheWeather" */;
			compatibilityVersion = "Xcode 14.0";
			developmentRegion = en;
			hasScannedForEncodings = 0;
			knownRegions = (
				en,
				Base,
			);
			mainGroup = BD8390D029D20E5000D11DBF;
			productRefGroup = BD8390DA29D20E5000D11DBF /* Products */;
			projectDirPath = "";
			projectRoot = "";
			targets = (
				BD8390D829D20E5000D11DBF /* TheWeather */,
			);
		};
/* End PBXProject section */

/* Begin PBXResourcesBuildPhase section */
		BD8390D729D20E5000D11DBF /* Resources */ = {
			isa = PBXResourcesBuildPhase;
			buildActionMask = 2147483647;
			files = (
				BD8390E429D20E5300D11DBF /* Preview Assets.xcassets in Resources */,
				BD8390E129D20E5300D11DBF /* Assets.xcassets in Resources */,
			);
			runOnlyForDeploymentPostprocessing = 0;
		};
/* End PBXResourcesBuildPhase section */

/* Begin PBXSourcesBuildPhase section */
		BD8390D529D20E5000D11DBF /* Sources */ = {
			isa = PBXSourcesBuildPhase;
			buildActionMask = 2147483647;
			files = (
				BD8390DF29D20E5000D11DBF /* MainView.swift in Sources */,
				BD8390F929D2872A00D11DBF /* CityWeatherDetails.swift in Sources */,
				BD8390F029D2319800D11DBF /* WeatherViewModel.swift in Sources */,
				BD8390FB29D32E7300D11DBF /* CoordinatesWeatherDetails.swift in Sources */,
				BD8390EE29D22EC200D11DBF /* WeatherResponse.swift in Sources */,
				BD8390DD29D20E5000D11DBF /* TheWeatherApp.swift in Sources */,
				BD8390F529D2415600D11DBF /* WeatherModel.swift in Sources */,
				BD8390F729D2569700D11DBF /* WeatherModelMapper.swift in Sources */,
			);
			runOnlyForDeploymentPostprocessing = 0;
		};
/* End PBXSourcesBuildPhase section */

/* Begin XCBuildConfiguration section */
		BD8390E529D20E5300D11DBF /* Debug */ = {
			isa = XCBuildConfiguration;
			buildSettings = {
				ALWAYS_SEARCH_USER_PATHS = NO;
				CLANG_ANALYZER_NONNULL = YES;
				CLANG_ANALYZER_NUMBER_OBJECT_CONVERSION = YES_AGGRESSIVE;
				CLANG_CXX_LANGUAGE_STANDARD = "gnu++20";
				CLANG_ENABLE_MODULES = YES;
				CLANG_ENABLE_OBJC_ARC = YES;
				CLANG_ENABLE_OBJC_WEAK = YES;
				CLANG_WARN_BLOCK_CAPTURE_AUTORELEASING = YES;
				CLANG_WARN_BOOL_CONVERSION = YES;
				CLANG_WARN_COMMA = YES;
				CLANG_WARN_CONSTANT_CONVERSION = YES;
				CLANG_WARN_DEPRECATED_OBJC_IMPLEMENTATIONS = YES;
				CLANG_WARN_DIRECT_OBJC_ISA_USAGE = YES_ERROR;
				CLANG_WARN_DOCUMENTATION_COMMENTS = YES;
				CLANG_WARN_EMPTY_BODY = YES;
				CLANG_WARN_ENUM_CONVERSION = YES;
				CLANG_WARN_INFINITE_RECURSION = YES;
				CLANG_WARN_INT_CONVERSION = YES;
				CLANG_WARN_NON_LITERAL_NULL_CONVERSION = YES;
				CLANG_WARN_OBJC_IMPLICIT_RETAIN_SELF = YES;
				CLANG_WARN_OBJC_LITERAL_CONVERSION = YES;
				CLANG_WARN_OBJC_ROOT_CLASS = YES_ERROR;
				CLANG_WARN_QUOTED_INCLUDE_IN_FRAMEWORK_HEADER = YES;
				CLANG_WARN_RANGE_LOOP_ANALYSIS = YES;
				CLANG_WARN_STRICT_PROTOTYPES = YES;
				CLANG_WARN_SUSPICIOUS_MOVE = YES;
				CLANG_WARN_UNGUARDED_AVAILABILITY = YES_AGGRESSIVE;
				CLANG_WARN_UNREACHABLE_CODE = YES;
				CLANG_WARN__DUPLICATE_METHOD_MATCH = YES;
				COPY_PHASE_STRIP = NO;
				DEBUG_INFORMATION_FORMAT = dwarf;
				ENABLE_STRICT_OBJC_MSGSEND = YES;
				ENABLE_TESTABILITY = YES;
				GCC_C_LANGUAGE_STANDARD = gnu11;
				GCC_DYNAMIC_NO_PIC = NO;
				GCC_NO_COMMON_BLOCKS = YES;
				GCC_OPTIMIZATION_LEVEL = 0;
				GCC_PREPROCESSOR_DEFINITIONS = (
					"DEBUG=1",
					"$(inherited)",
				);
				GCC_WARN_64_TO_32_BIT_CONVERSION = YES;
				GCC_WARN_ABOUT_RETURN_TYPE = YES_ERROR;
				GCC_WARN_UNDECLARED_SELECTOR = YES;
				GCC_WARN_UNINITIALIZED_AUTOS = YES_AGGRESSIVE;
				GCC_WARN_UNUSED_FUNCTION = YES;
				GCC_WARN_UNUSED_VARIABLE = YES;
				IPHONEOS_DEPLOYMENT_TARGET = 16.2;
				MTL_ENABLE_DEBUG_INFO = INCLUDE_SOURCE;
				MTL_FAST_MATH = YES;
				ONLY_ACTIVE_ARCH = YES;
				SDKROOT = iphoneos;
				SWIFT_ACTIVE_COMPILATION_CONDITIONS = DEBUG;
				SWIFT_OPTIMIZATION_LEVEL = "-Onone";
			};
			name = Debug;
		};
		BD8390E629D20E5300D11DBF /* Release */ = {
			isa = XCBuildConfiguration;
			buildSettings = {
				ALWAYS_SEARCH_USER_PATHS = NO;
				CLANG_ANALYZER_NONNULL = YES;
				CLANG_ANALYZER_NUMBER_OBJECT_CONVERSION = YES_AGGRESSIVE;
				CLANG_CXX_LANGUAGE_STANDARD = "gnu++20";
				CLANG_ENABLE_MODULES = YES;
				CLANG_ENABLE_OBJC_ARC = YES;
				CLANG_ENABLE_OBJC_WEAK = YES;
				CLANG_WARN_BLOCK_CAPTURE_AUTORELEASING = YES;
				CLANG_WARN_BOOL_CONVERSION = YES;
				CLANG_WARN_COMMA = YES;
				CLANG_WARN_CONSTANT_CONVERSION = YES;
				CLANG_WARN_DEPRECATED_OBJC_IMPLEMENTATIONS = YES;
				CLANG_WARN_DIRECT_OBJC_ISA_USAGE = YES_ERROR;
				CLANG_WARN_DOCUMENTATION_COMMENTS = YES;
				CLANG_WARN_EMPTY_BODY = YES;
				CLANG_WARN_ENUM_CONVERSION = YES;
				CLANG_WARN_INFINITE_RECURSION = YES;
				CLANG_WARN_INT_CONVERSION = YES;
				CLANG_WARN_NON_LITERAL_NULL_CONVERSION = YES;
				CLANG_WARN_OBJC_IMPLICIT_RETAIN_SELF = YES;
				CLANG_WARN_OBJC_LITERAL_CONVERSION = YES;
				CLANG_WARN_OBJC_ROOT_CLASS = YES_ERROR;
				CLANG_WARN_QUOTED_INCLUDE_IN_FRAMEWORK_HEADER = YES;
				CLANG_WARN_RANGE_LOOP_ANALYSIS = YES;
				CLANG_WARN_STRICT_PROTOTYPES = YES;
				CLANG_WARN_SUSPICIOUS_MOVE = YES;
				CLANG_WARN_UNGUARDED_AVAILABILITY = YES_AGGRESSIVE;
				CLANG_WARN_UNREACHABLE_CODE = YES;
				CLANG_WARN__DUPLICATE_METHOD_MATCH = YES;
				COPY_PHASE_STRIP = NO;
				DEBUG_INFORMATION_FORMAT = "dwarf-with-dsym";
				ENABLE_NS_ASSERTIONS = NO;
				ENABLE_STRICT_OBJC_MSGSEND = YES;
				GCC_C_LANGUAGE_STANDARD = gnu11;
				GCC_NO_COMMON_BLOCKS = YES;
				GCC_WARN_64_TO_32_BIT_CONVERSION = YES;
				GCC_WARN_ABOUT_RETURN_TYPE = YES_ERROR;
				GCC_WARN_UNDECLARED_SELECTOR = YES;
				GCC_WARN_UNINITIALIZED_AUTOS = YES_AGGRESSIVE;
				GCC_WARN_UNUSED_FUNCTION = YES;
				GCC_WARN_UNUSED_VARIABLE = YES;
				IPHONEOS_DEPLOYMENT_TARGET = 16.2;
				MTL_ENABLE_DEBUG_INFO = NO;
				MTL_FAST_MATH = YES;
				SDKROOT = iphoneos;
				SWIFT_COMPILATION_MODE = wholemodule;
				SWIFT_OPTIMIZATION_LEVEL = "-O";
				VALIDATE_PRODUCT = YES;
			};
			name = Release;
		};
		BD8390E829D20E5300D11DBF /* Debug */ = {
			isa = XCBuildConfiguration;
			buildSettings = {
				ASSETCATALOG_COMPILER_APPICON_NAME = AppIcon;
				ASSETCATALOG_COMPILER_GLOBAL_ACCENT_COLOR_NAME = AccentColor;
				CODE_SIGN_STYLE = Automatic;
				CURRENT_PROJECT_VERSION = 1;
				DEVELOPMENT_ASSET_PATHS = "\"TheWeather/Preview Content\"";
				ENABLE_PREVIEWS = YES;
				GENERATE_INFOPLIST_FILE = YES;
				INFOPLIST_FILE = TheWeather/Info.plist;
				INFOPLIST_KEY_UIApplicationSceneManifest_Generation = YES;
				INFOPLIST_KEY_UIApplicationSupportsIndirectInputEvents = YES;
				INFOPLIST_KEY_UILaunchScreen_Generation = YES;
				INFOPLIST_KEY_UISupportedInterfaceOrientations_iPad = "UIInterfaceOrientationPortrait UIInterfaceOrientationPortraitUpsideDown UIInterfaceOrientationLandscapeLeft UIInterfaceOrientationLandscapeRight";
				INFOPLIST_KEY_UISupportedInterfaceOrientations_iPhone = "UIInterfaceOrientationPortrait UIInterfaceOrientationLandscapeLeft UIInterfaceOrientationLandscapeRight";
				LD_RUNPATH_SEARCH_PATHS = (
					"$(inherited)",
					"@executable_path/Frameworks",
				);
				MARKETING_VERSION = 1.0;
				PRODUCT_BUNDLE_IDENTIFIER = com.outatime.TheWeather;
				PRODUCT_NAME = "$(TARGET_NAME)";
				SWIFT_EMIT_LOC_STRINGS = YES;
				SWIFT_VERSION = 5.0;
				TARGETED_DEVICE_FAMILY = "1,2";
			};
			name = Debug;
		};
		BD8390E929D20E5300D11DBF /* Release */ = {
			isa = XCBuildConfiguration;
			buildSettings = {
				ASSETCATALOG_COMPILER_APPICON_NAME = AppIcon;
				ASSETCATALOG_COMPILER_GLOBAL_ACCENT_COLOR_NAME = AccentColor;
				CODE_SIGN_STYLE = Automatic;
				CURRENT_PROJECT_VERSION = 1;
				DEVELOPMENT_ASSET_PATHS = "\"TheWeather/Preview Content\"";
				ENABLE_PREVIEWS = YES;
				GENERATE_INFOPLIST_FILE = YES;
				INFOPLIST_FILE = TheWeather/Info.plist;
				INFOPLIST_KEY_UIApplicationSceneManifest_Generation = YES;
				INFOPLIST_KEY_UIApplicationSupportsIndirectInputEvents = YES;
				INFOPLIST_KEY_UILaunchScreen_Generation = YES;
				INFOPLIST_KEY_UISupportedInterfaceOrientations_iPad = "UIInterfaceOrientationPortrait UIInterfaceOrientationPortraitUpsideDown UIInterfaceOrientationLandscapeLeft UIInterfaceOrientationLandscapeRight";
				INFOPLIST_KEY_UISupportedInterfaceOrientations_iPhone = "UIInterfaceOrientationPortrait UIInterfaceOrientationLandscapeLeft UIInterfaceOrientationLandscapeRight";
				LD_RUNPATH_SEARCH_PATHS = (
					"$(inherited)",
					"@executable_path/Frameworks",
				);
				MARKETING_VERSION = 1.0;
				PRODUCT_BUNDLE_IDENTIFIER = com.outatime.TheWeather;
				PRODUCT_NAME = "$(TARGET_NAME)";
				SWIFT_EMIT_LOC_STRINGS = YES;
				SWIFT_VERSION = 5.0;
				TARGETED_DEVICE_FAMILY = "1,2";
			};
			name = Release;
		};
/* End XCBuildConfiguration section */

/* Begin XCConfigurationList section */
		BD8390D429D20E5000D11DBF /* Build configuration list for PBXProject "TheWeather" */ = {
			isa = XCConfigurationList;
			buildConfigurations = (
				BD8390E529D20E5300D11DBF /* Debug */,
				BD8390E629D20E5300D11DBF /* Release */,
			);
			defaultConfigurationIsVisible = 0;
			defaultConfigurationName = Release;
		};
		BD8390E729D20E5300D11DBF /* Build configuration list for PBXNativeTarget "TheWeather" */ = {
			isa = XCConfigurationList;
			buildConfigurations = (
				BD8390E829D20E5300D11DBF /* Debug */,
				BD8390E929D20E5300D11DBF /* Release */,
			);
			defaultConfigurationIsVisible = 0;
			defaultConfigurationName = Release;
		};
/* End XCConfigurationList section */
	};
	rootObject = BD8390D129D20E5000D11DBF /* Project object */;
}
